
Microsoft Visual Studio Solution File, Format Version 12.00
# Visual Studio Version 17
VisualStudioVersion = 17.5.33516.290
MinimumVisualStudioVersion = 10.0.40219.1
Project("{FAE04EC0-301F-11D3-BF4B-00C04F79EFBC}") = "EF6DBFirstDemo", "EF6DBFirstDemo\EF6DBFirstDemo.csproj", "{3E4185D8-B9EF-4CE9-A4F6-1E364865E5E6}"
EndProject
Project("{FAE04EC0-301F-11D3-BF4B-00C04F79EFBC}") = "EF6CodeFirstOnetoOneRelation", "EF6CodeFirstOnetoOneRelation\EF6CodeFirstOnetoOneRelation.csproj", "{7DB4B5DE-7EA4-403C-ADC8-84103E58765E}"
EndProject
Project("{FAE04EC0-301F-11D3-BF4B-00C04F79EFBC}") = "EF6CodeFirstOnetoManyRelation", "EF6CodeFirstOnetoManyRelation\EF6CodeFirstOnetoManyRelation.csproj", "{690E7C85-DCC2-4318-B964-5A450D373C4E}"
EndProject
Project("{FAE04EC0-301F-11D3-BF4B-00C04F79EFBC}") = "EF6CodeFirstManytoManyRelation", "EF6CodeFirstManytoManyRelation\EF6CodeFirstManytoManyRelation.csproj", "{7C7F7527-5DF3-41E8-9907-7510FD33B50A}"
EndProject
Project("{FAE04EC0-301F-11D3-BF4B-00C04F79EFBC}") = "EF6CodeFirstStoreProcedureDemo", "EF6CodeFirstStoreProcedureDemo\EF6CodeFirstStoreProcedureDemo.csproj", "{E9ECFE55-C87E-4C30-9A17-145D914EA03B}"
EndProject
Project("{FAE04EC0-301F-11D3-BF4B-00C04F79EFBC}") = "EFCoreStoreProcedureDemowithMigration", "EFCoreStoreProcedureDemowithMigration\EFCoreStoreProcedureDemowithMigration.csproj", "{EF8B627A-19E6-41DF-A940-F50F17664883}"
EndProject
Global
	GlobalSection(SolutionConfigurationPlatforms) = preSolution
		Debug|Any CPU = Debug|Any CPU
		Release|Any CPU = Release|Any CPU
	EndGlobalSection
	GlobalSection(ProjectConfigurationPlatforms) = postSolution
		{3E4185D8-B9EF-4CE9-A4F6-1E364865E5E6}.Debug|Any CPU.ActiveCfg = Debug|Any CPU
		{3E4185D8-B9EF-4CE9-A4F6-1E364865E5E6}.Debug|Any CPU.Build.0 = Debug|Any CPU
		{3E4185D8-B9EF-4CE9-A4F6-1E364865E5E6}.Release|Any CPU.ActiveCfg = Release|Any CPU
		{3E4185D8-B9EF-4CE9-A4F6-1E364865E5E6}.Release|Any CPU.Build.0 = Release|Any CPU
		{7DB4B5DE-7EA4-403C-ADC8-84103E58765E}.Debug|Any CPU.ActiveCfg = Debug|Any CPU
		{7DB4B5DE-7EA4-403C-ADC8-84103E58765E}.Debug|Any CPU.Build.0 = Debug|Any CPU
		{7DB4B5DE-7EA4-403C-ADC8-84103E58765E}.Release|Any CPU.ActiveCfg = Release|Any CPU
		{7DB4B5DE-7EA4-403C-ADC8-84103E58765E}.Release|Any CPU.Build.0 = Release|Any CPU
		{690E7C85-DCC2-4318-B964-5A450D373C4E}.Debug|Any CPU.ActiveCfg = Debug|Any CPU
		{690E7C85-DCC2-4318-B964-5A450D373C4E}.Debug|Any CPU.Build.0 = Debug|Any CPU
		{690E7C85-DCC2-4318-B964-5A450D373C4E}.Release|Any CPU.ActiveCfg = Release|Any CPU
		{690E7C85-DCC2-4318-B964-5A450D373C4E}.Release|Any CPU.Build.0 = Release|Any CPU
		{7C7F7527-5DF3-41E8-9907-7510FD33B50A}.Debug|Any CPU.ActiveCfg = Debug|Any CPU
		{7C7F7527-5DF3-41E8-9907-7510FD33B50A}.Debug|Any CPU.Build.0 = Debug|Any CPU
		{7C7F7527-5DF3-41E8-9907-7510FD33B50A}.Release|Any CPU.ActiveCfg = Release|Any CPU
		{7C7F7527-5DF3-41E8-9907-7510FD33B50A}.Release|Any CPU.Build.0 = Release|Any CPU
		{E9ECFE55-C87E-4C30-9A17-145D914EA03B}.Debug|Any CPU.ActiveCfg = Debug|Any CPU
		{E9ECFE55-C87E-4C30-9A17-145D914EA03B}.Debug|Any CPU.Build.0 = Debug|Any CPU
		{E9ECFE55-C87E-4C30-9A17-145D914EA03B}.Release|Any CPU.ActiveCfg = Release|Any CPU
		{E9ECFE55-C87E-4C30-9A17-145D914EA03B}.Release|Any CPU.Build.0 = Release|Any CPU
		{EF8B627A-19E6-41DF-A940-F50F17664883}.Debug|Any CPU.ActiveCfg = Debug|Any CPU
		{EF8B627A-19E6-41DF-A940-F50F17664883}.Debug|Any CPU.Build.0 = Debug|Any CPU
		{EF8B627A-19E6-41DF-A940-F50F17664883}.Release|Any CPU.ActiveCfg = Release|Any CPU
		{EF8B627A-19E6-41DF-A940-F50F17664883}.Release|Any CPU.Build.0 = Release|Any CPU
	EndGlobalSection
	GlobalSection(SolutionProperties) = preSolution
		HideSolutionNode = FALSE
	EndGlobalSection
	GlobalSection(ExtensibilityGlobals) = postSolution
		SolutionGuid = {25CFA617-2793-4D3A-A79D-080352455D7D}
	EndGlobalSection
EndGlobal
